{
  "name": "vscode-create-react-liferay",
  "version": "1.0.6",
  "lockfileVersion": 3,
  "requires": true,
  "packages": {
    "": {
      "name": "vscode-create-react-liferay",
      "version": "1.0.6",
      "license": "MIT",
      "dependencies": {
        "@liferay-react/create-react-liferay": "https://registry.npmjs.org/@liferay-react/create-react-liferay/-/create-react-liferay-1.0.6.tgz"
      },
      "devDependencies": {
        "@types/vscode": "^1.80.0"
      },
      "engines": {
        "vscode": "^1.80.0"
      }
    },
    "node_modules/@liferay-react/create-react-liferay": {
      "version": "1.0.6",
      "resolved": "https://registry.npmjs.org/@liferay-react/create-react-liferay/-/create-react-liferay-1.0.6.tgz",
      "integrity": "sha512-lctedo8+Tbm3ej6bHxtIuO9VCu2KnsN1lZYIOOqvo2nQJFZTV5d6SaUL5EMNXCCxrslDtvobf3b5SZx8scRVtQ==",
      "license": "MIT",
      "bin": {
        "create-react-liferay": "bin/cli.js"
      }
    },
    "node_modules/@types/vscode": {
      "version": "1.110.0",
      "resolved": "https://registry.npmjs.org/@types/vscode/-/vscode-1.110.0.tgz",
      "integrity": "sha512-AGuxUEpU4F4mfuQjxPPaQVyuOMhs+VT/xRok1jiHVBubHK7lBRvCuOMZG0LKUwxncrPorJ5qq/uil3IdZBd5lA==",
      "dev": true,
      "license": "MIT"
    }
  }
}
